// !$*UTF8*$!
{
	archiveVersion = 1;
	classes = {
	};
	objectVersion = 46;
	objects = {

/* Begin PBXBuildFile section */
		D476F2521E4884B6006F6C48 /* README.md in Sources */ = {isa = PBXBuildFile; fileRef = D476F2511E4884B6006F6C48 /* README.md */; };
		D47703781D532AA4007BF65C /* main.m in Sources */ = {isa = PBXBuildFile; fileRef = D47703771D532AA4007BF65C /* main.m */; };
		D477037B1D532AA4007BF65C /* AppDelegate.m in Sources */ = {isa = PBXBuildFile; fileRef = D477037A1D532AA4007BF65C /* AppDelegate.m */; };
		D477037E1D532AA4007BF65C /* RootViewController.m in Sources */ = {isa = PBXBuildFile; fileRef = D477037D1D532AA4007BF65C /* RootViewController.m */; };
		D47703811D532AA4007BF65C /* Main.storyboard in Resources */ = {isa = PBXBuildFile; fileRef = D477037F1D532AA4007BF65C /* Main.storyboard */; };
		D47703831D532AA4007BF65C /* Assets.xcassets in Resources */ = {isa = PBXBuildFile; fileRef = D47703821D532AA4007BF65C /* Assets.xcassets */; };
		D47703861D532AA4007BF65C /* LaunchScreen.storyboard in Resources */ = {isa = PBXBuildFile; fileRef = D47703841D532AA4007BF65C /* LaunchScreen.storyboard */; };
		D47703911D532AA4007BF65C /* PromptKitTests.m in Sources */ = {isa = PBXBuildFile; fileRef = D47703901D532AA4007BF65C /* PromptKitTests.m */; };
		D4986D931E135460007779FF /* PKBeansLoadingView.m in Sources */ = {isa = PBXBuildFile; fileRef = D4986D7F1E135460007779FF /* PKBeansLoadingView.m */; };
		D4986D941E135460007779FF /* PKListEmptyCounter.m in Sources */ = {isa = PBXBuildFile; fileRef = D4986D811E135460007779FF /* PKListEmptyCounter.m */; };
		D4986D951E135460007779FF /* PKPromptUIDataSource.m in Sources */ = {isa = PBXBuildFile; fileRef = D4986D851E135460007779FF /* PKPromptUIDataSource.m */; };
		D4986D961E135460007779FF /* PKPromptView.m in Sources */ = {isa = PBXBuildFile; fileRef = D4986D871E135460007779FF /* PKPromptView.m */; };
		D4986D981E135460007779FF /* RACSignal+MJRefresh.m in Sources */ = {isa = PBXBuildFile; fileRef = D4986D8C1E135460007779FF /* RACSignal+MJRefresh.m */; };
		D4986D991E135460007779FF /* RACSignal+PKPromptKit.m in Sources */ = {isa = PBXBuildFile; fileRef = D4986D8E1E135460007779FF /* RACSignal+PKPromptKit.m */; };
		D4986D9A1E135460007779FF /* UIView+PKPromptKit_APP.m in Sources */ = {isa = PBXBuildFile; fileRef = D4986D901E135460007779FF /* UIView+PKPromptKit_APP.m */; };
		D4986D9B1E135460007779FF /* UIViewController+PKPrompKit.m in Sources */ = {isa = PBXBuildFile; fileRef = D4986D921E135460007779FF /* UIViewController+PKPrompKit.m */; };
		D4A6CF6A1E121A580043371C /* ExampleViewModel.m in Sources */ = {isa = PBXBuildFile; fileRef = D4A6CF681E121A580043371C /* ExampleViewModel.m */; };
		D4D32B8E1E125063006095D5 /* AFHTTPSessionManager+RACSignal.m in Sources */ = {isa = PBXBuildFile; fileRef = D4D32B8B1E125063006095D5 /* AFHTTPSessionManager+RACSignal.m */; };
		D4D32B8F1E125063006095D5 /* AFURLSessionManager+RACSignal.m in Sources */ = {isa = PBXBuildFile; fileRef = D4D32B8D1E125063006095D5 /* AFURLSessionManager+RACSignal.m */; };
		EC9C873631133774D9B55915 /* Pods_PromptKit.framework in Frameworks */ = {isa = PBXBuildFile; fileRef = 4C3D0121F97A5C848B592187 /* Pods_PromptKit.framework */; };
/* End PBXBuildFile section */

/* Begin PBXContainerItemProxy section */
		D477038D1D532AA4007BF65C /* PBXContainerItemProxy */ = {
			isa = PBXContainerItemProxy;
			containerPortal = D477036B1D532AA4007BF65C /* Project object */;
			proxyType = 1;
			remoteGlobalIDString = D47703721D532AA4007BF65C;
			remoteInfo = PromptKit;
		};
/* End PBXContainerItemProxy section */

/* Begin PBXFileReference section */
		3980D0CDBCA222CCE5E3533B /* Pods-PromptKit.debug.xcconfig */ = {isa = PBXFileReference; includeInIndex = 1; lastKnownFileType = text.xcconfig; name = "Pods-PromptKit.debug.xcconfig"; path = "Pods/Target Support Files/Pods-PromptKit/Pods-PromptKit.debug.xcconfig"; sourceTree = "<group>"; };
		4C3D0121F97A5C848B592187 /* Pods_PromptKit.framework */ = {isa = PBXFileReference; explicitFileType = wrapper.framework; includeInIndex = 0; path = Pods_PromptKit.framework; sourceTree = BUILT_PRODUCTS_DIR; };
		875F792665114D9C6734206B /* Pods-PromptKit.release.xcconfig */ = {isa = PBXFileReference; includeInIndex = 1; lastKnownFileType = text.xcconfig; name = "Pods-PromptKit.release.xcconfig"; path = "Pods/Target Support Files/Pods-PromptKit/Pods-PromptKit.release.xcconfig"; sourceTree = "<group>"; };
		D476F2511E4884B6006F6C48 /* README.md */ = {isa = PBXFileReference; fileEncoding = 4; lastKnownFileType = net.daringfireball.markdown; path = README.md; sourceTree = "<group>"; };
		D47703731D532AA4007BF65C /* PromptKit.app */ = {isa = PBXFileReference; explicitFileType = wrapper.application; includeInIndex = 0; path = PromptKit.app; sourceTree = BUILT_PRODUCTS_DIR; };
		D47703771D532AA4007BF65C /* main.m */ = {isa = PBXFileReference; lastKnownFileType = sourcecode.c.objc; path = main.m; sourceTree = "<group>"; };
		D47703791D532AA4007BF65C /* AppDelegate.h */ = {isa = PBXFileReference; lastKnownFileType = sourcecode.c.h; path = AppDelegate.h; sourceTree = "<group>"; };
		D477037A1D532AA4007BF65C /* AppDelegate.m */ = {isa = PBXFileReference; lastKnownFileType = sourcecode.c.objc; path = AppDelegate.m; sourceTree = "<group>"; };
		D477037C1D532AA4007BF65C /* RootViewController.h */ = {isa = PBXFileReference; lastKnownFileType = sourcecode.c.h; path = RootViewController.h; sourceTree = "<group>"; };
		D477037D1D532AA4007BF65C /* RootViewController.m */ = {isa = PBXFileReference; lastKnownFileType = sourcecode.c.objc; path = RootViewController.m; sourceTree = "<group>"; };
		D47703801D532AA4007BF65C /* Base */ = {isa = PBXFileReference; lastKnownFileType = file.storyboard; name = Base; path = Base.lproj/Main.storyboard; sourceTree = "<group>"; };
		D47703821D532AA4007BF65C /* Assets.xcassets */ = {isa = PBXFileReference; lastKnownFileType = folder.assetcatalog; path = Assets.xcassets; sourceTree = "<group>"; };
		D47703851D532AA4007BF65C /* Base */ = {isa = PBXFileReference; lastKnownFileType = file.storyboard; name = Base; path = Base.lproj/LaunchScreen.storyboard; sourceTree = "<group>"; };
		D47703871D532AA4007BF65C /* Info.plist */ = {isa = PBXFileReference; lastKnownFileType = text.plist.xml; path = Info.plist; sourceTree = "<group>"; };
		D477038C1D532AA4007BF65C /* PromptKitTests.xctest */ = {isa = PBXFileReference; explicitFileType = wrapper.cfbundle; includeInIndex = 0; path = PromptKitTests.xctest; sourceTree = BUILT_PRODUCTS_DIR; };
		D47703901D532AA4007BF65C /* PromptKitTests.m */ = {isa = PBXFileReference; lastKnownFileType = sourcecode.c.objc; path = PromptKitTests.m; sourceTree = "<group>"; };
		D47703921D532AA4007BF65C /* Info.plist */ = {isa = PBXFileReference; lastKnownFileType = text.plist.xml; path = Info.plist; sourceTree = "<group>"; };
		D4986D7E1E135460007779FF /* PKBeansLoadingView.h */ = {isa = PBXFileReference; fileEncoding = 4; lastKnownFileType = sourcecode.c.h; path = PKBeansLoadingView.h; sourceTree = "<group>"; };
		D4986D7F1E135460007779FF /* PKBeansLoadingView.m */ = {isa = PBXFileReference; fileEncoding = 4; lastKnownFileType = sourcecode.c.objc; path = PKBeansLoadingView.m; sourceTree = "<group>"; };
		D4986D801E135460007779FF /* PKListEmptyCounter.h */ = {isa = PBXFileReference; fileEncoding = 4; lastKnownFileType = sourcecode.c.h; path = PKListEmptyCounter.h; sourceTree = "<group>"; };
		D4986D811E135460007779FF /* PKListEmptyCounter.m */ = {isa = PBXFileReference; fileEncoding = 4; lastKnownFileType = sourcecode.c.objc; path = PKListEmptyCounter.m; sourceTree = "<group>"; };
		D4986D821E135460007779FF /* PKPrompKitProtocol.h */ = {isa = PBXFileReference; fileEncoding = 4; lastKnownFileType = sourcecode.c.h; path = PKPrompKitProtocol.h; sourceTree = "<group>"; };
		D4986D831E135460007779FF /* PKPromptKitEnums.h */ = {isa = PBXFileReference; fileEncoding = 4; lastKnownFileType = sourcecode.c.h; path = PKPromptKitEnums.h; sourceTree = "<group>"; };
		D4986D841E135460007779FF /* PKPromptUIDataSource.h */ = {isa = PBXFileReference; fileEncoding = 4; lastKnownFileType = sourcecode.c.h; path = PKPromptUIDataSource.h; sourceTree = "<group>"; };
		D4986D851E135460007779FF /* PKPromptUIDataSource.m */ = {isa = PBXFileReference; fileEncoding = 4; lastKnownFileType = sourcecode.c.objc; path = PKPromptUIDataSource.m; sourceTree = "<group>"; };
		D4986D861E135460007779FF /* PKPromptView.h */ = {isa = PBXFileReference; fileEncoding = 4; lastKnownFileType = sourcecode.c.h; path = PKPromptView.h; sourceTree = "<group>"; };
		D4986D871E135460007779FF /* PKPromptView.m */ = {isa = PBXFileReference; fileEncoding = 4; lastKnownFileType = sourcecode.c.objc; path = PKPromptView.m; sourceTree = "<group>"; };
		D4986D8A1E135460007779FF /* PromptKit.h */ = {isa = PBXFileReference; fileEncoding = 4; lastKnownFileType = sourcecode.c.h; path = PromptKit.h; sourceTree = "<group>"; };
		D4986D8B1E135460007779FF /* RACSignal+MJRefresh.h */ = {isa = PBXFileReference; fileEncoding = 4; lastKnownFileType = sourcecode.c.h; path = "RACSignal+MJRefresh.h"; sourceTree = "<group>"; };
		D4986D8C1E135460007779FF /* RACSignal+MJRefresh.m */ = {isa = PBXFileReference; fileEncoding = 4; lastKnownFileType = sourcecode.c.objc; path = "RACSignal+MJRefresh.m"; sourceTree = "<group>"; };
		D4986D8D1E135460007779FF /* RACSignal+PKPromptKit.h */ = {isa = PBXFileReference; fileEncoding = 4; lastKnownFileType = sourcecode.c.h; path = "RACSignal+PKPromptKit.h"; sourceTree = "<group>"; };
		D4986D8E1E135460007779FF /* RACSignal+PKPromptKit.m */ = {isa = PBXFileReference; fileEncoding = 4; lastKnownFileType = sourcecode.c.objc; path = "RACSignal+PKPromptKit.m"; sourceTree = "<group>"; };
		D4986D8F1E135460007779FF /* UIView+PKPromptKit_APP.h */ = {isa = PBXFileReference; fileEncoding = 4; lastKnownFileType = sourcecode.c.h; path = "UIView+PKPromptKit_APP.h"; sourceTree = "<group>"; };
		D4986D901E135460007779FF /* UIView+PKPromptKit_APP.m */ = {isa = PBXFileReference; fileEncoding = 4; lastKnownFileType = sourcecode.c.objc; path = "UIView+PKPromptKit_APP.m"; sourceTree = "<group>"; };
		D4986D911E135460007779FF /* UIViewController+PKPrompKit.h */ = {isa = PBXFileReference; fileEncoding = 4; lastKnownFileType = sourcecode.c.h; path = "UIViewController+PKPrompKit.h"; sourceTree = "<group>"; };
		D4986D921E135460007779FF /* UIViewController+PKPrompKit.m */ = {isa = PBXFileReference; fileEncoding = 4; lastKnownFileType = sourcecode.c.objc; path = "UIViewController+PKPrompKit.m"; sourceTree = "<group>"; };
		D4A6CF671E121A580043371C /* ExampleViewModel.h */ = {isa = PBXFileReference; fileEncoding = 4; lastKnownFileType = sourcecode.c.h; path = ExampleViewModel.h; sourceTree = "<group>"; };
		D4A6CF681E121A580043371C /* ExampleViewModel.m */ = {isa = PBXFileReference; fileEncoding = 4; lastKnownFileType = sourcecode.c.objc; path = ExampleViewModel.m; sourceTree = "<group>"; };
		D4D32B8A1E125063006095D5 /* AFHTTPSessionManager+RACSignal.h */ = {isa = PBXFileReference; fileEncoding = 4; lastKnownFileType = sourcecode.c.h; path = "AFHTTPSessionManager+RACSignal.h"; sourceTree = "<group>"; };
		D4D32B8B1E125063006095D5 /* AFHTTPSessionManager+RACSignal.m */ = {isa = PBXFileReference; fileEncoding = 4; lastKnownFileType = sourcecode.c.objc; path = "AFHTTPSessionManager+RACSignal.m"; sourceTree = "<group>"; };
		D4D32B8C1E125063006095D5 /* AFURLSessionManager+RACSignal.h */ = {isa = PBXFileReference; fileEncoding = 4; lastKnownFileType = sourcecode.c.h; path = "AFURLSessionManager+RACSignal.h"; sourceTree = "<group>"; };
		D4D32B8D1E125063006095D5 /* AFURLSessionManager+RACSignal.m */ = {isa = PBXFileReference; fileEncoding = 4; lastKnownFileType = sourcecode.c.objc; path = "AFURLSessionManager+RACSignal.m"; sourceTree = "<group>"; };
		EDED7BCA231BD3687D8A2148 /* libPods-PromptKitTests.a */ = {isa = PBXFileReference; explicitFileType = archive.ar; includeInIndex = 0; path = "libPods-PromptKitTests.a"; sourceTree = BUILT_PRODUCTS_DIR; };
/* End PBXFileReference section */

/* Begin PBXFrameworksBuildPhase section */
		D47703701D532AA4007BF65C /* Frameworks */ = {
			isa = PBXFrameworksBuildPhase;
			buildActionMask = 2147483647;
			files = (
				EC9C873631133774D9B55915 /* Pods_PromptKit.framework in Frameworks */,
			);
			runOnlyForDeploymentPostprocessing = 0;
		};
		D47703891D532AA4007BF65C /* Frameworks */ = {
			isa = PBXFrameworksBuildPhase;
			buildActionMask = 2147483647;
			files = (
			);
			runOnlyForDeploymentPostprocessing = 0;
		};
/* End PBXFrameworksBuildPhase section */

/* Begin PBXGroup section */
		0CC99A5BAB64334CB0046147 /* Pods */ = {
			isa = PBXGroup;
			children = (
				3980D0CDBCA222CCE5E3533B /* Pods-PromptKit.debug.xcconfig */,
				875F792665114D9C6734206B /* Pods-PromptKit.release.xcconfig */,
			);
			name = Pods;
			sourceTree = "<group>";
		};
		AE04DF6E7CC49C25BFBCE1AB /* Frameworks */ = {
			isa = PBXGroup;
			children = (
				EDED7BCA231BD3687D8A2148 /* libPods-PromptKitTests.a */,
				4C3D0121F97A5C848B592187 /* Pods_PromptKit.framework */,
			);
			name = Frameworks;
			sourceTree = "<group>";
		};
		D477036A1D532AA3007BF65C = {
			isa = PBXGroup;
			children = (
				D476F2511E4884B6006F6C48 /* README.md */,
				D47703751D532AA4007BF65C /* PromptKit */,
				D477038F1D532AA4007BF65C /* PromptKitTests */,
				D47703741D532AA4007BF65C /* Products */,
				0CC99A5BAB64334CB0046147 /* Pods */,
				AE04DF6E7CC49C25BFBCE1AB /* Frameworks */,
			);
			sourceTree = "<group>";
		};
		D47703741D532AA4007BF65C /* Products */ = {
			isa = PBXGroup;
			children = (
				D47703731D532AA4007BF65C /* PromptKit.app */,
				D477038C1D532AA4007BF65C /* PromptKitTests.xctest */,
			);
			name = Products;
			sourceTree = "<group>";
		};
		D47703751D532AA4007BF65C /* PromptKit */ = {
			isa = PBXGroup;
			children = (
				D47703791D532AA4007BF65C /* AppDelegate.h */,
				D477037A1D532AA4007BF65C /* AppDelegate.m */,
				D477037C1D532AA4007BF65C /* RootViewController.h */,
				D477037D1D532AA4007BF65C /* RootViewController.m */,
				D4986D7D1E135460007779FF /* Pod */,
				D4A6CF641E121A580043371C /* Example */,
				D477037F1D532AA4007BF65C /* Main.storyboard */,
				D4D32B891E125063006095D5 /* Networking */,
				D47703821D532AA4007BF65C /* Assets.xcassets */,
				D47703841D532AA4007BF65C /* LaunchScreen.storyboard */,
				D47703871D532AA4007BF65C /* Info.plist */,
				D47703761D532AA4007BF65C /* Supporting Files */,
			);
			path = PromptKit;
			sourceTree = "<group>";
		};
		D47703761D532AA4007BF65C /* Supporting Files */ = {
			isa = PBXGroup;
			children = (
				D47703771D532AA4007BF65C /* main.m */,
			);
			name = "Supporting Files";
			sourceTree = "<group>";
		};
		D477038F1D532AA4007BF65C /* PromptKitTests */ = {
			isa = PBXGroup;
			children = (
				D47703901D532AA4007BF65C /* PromptKitTests.m */,
				D47703921D532AA4007BF65C /* Info.plist */,
			);
			path = PromptKitTests;
			sourceTree = "<group>";
		};
		D4986D7D1E135460007779FF /* Pod */ = {
			isa = PBXGroup;
			children = (
				D4986D7E1E135460007779FF /* PKBeansLoadingView.h */,
				D4986D7F1E135460007779FF /* PKBeansLoadingView.m */,
				D4986D801E135460007779FF /* PKListEmptyCounter.h */,
				D4986D811E135460007779FF /* PKListEmptyCounter.m */,
				D4986D821E135460007779FF /* PKPrompKitProtocol.h */,
				D4986D831E135460007779FF /* PKPromptKitEnums.h */,
				D4986D841E135460007779FF /* PKPromptUIDataSource.h */,
				D4986D851E135460007779FF /* PKPromptUIDataSource.m */,
				D4986D861E135460007779FF /* PKPromptView.h */,
				D4986D871E135460007779FF /* PKPromptView.m */,
				D4986D8A1E135460007779FF /* PromptKit.h */,
				D4986D8B1E135460007779FF /* RACSignal+MJRefresh.h */,
				D4986D8C1E135460007779FF /* RACSignal+MJRefresh.m */,
				D4986D8D1E135460007779FF /* RACSignal+PKPromptKit.h */,
				D4986D8E1E135460007779FF /* RACSignal+PKPromptKit.m */,
				D4986D8F1E135460007779FF /* UIView+PKPromptKit_APP.h */,
				D4986D901E135460007779FF /* UIView+PKPromptKit_APP.m */,
				D4986D911E135460007779FF /* UIViewController+PKPrompKit.h */,
				D4986D921E135460007779FF /* UIViewController+PKPrompKit.m */,
			);
			path = Pod;
			sourceTree = "<group>";
		};
		D4A6CF641E121A580043371C /* Example */ = {
			isa = PBXGroup;
			children = (
				D4A6CF671E121A580043371C /* ExampleViewModel.h */,
				D4A6CF681E121A580043371C /* ExampleViewModel.m */,
			);
			path = Example;
			sourceTree = "<group>";
		};
		D4D32B891E125063006095D5 /* Networking */ = {
			isa = PBXGroup;
			children = (
				D4D32B8A1E125063006095D5 /* AFHTTPSessionManager+RACSignal.h */,
				D4D32B8B1E125063006095D5 /* AFHTTPSessionManager+RACSignal.m */,
				D4D32B8C1E125063006095D5 /* AFURLSessionManager+RACSignal.h */,
				D4D32B8D1E125063006095D5 /* AFURLSessionManager+RACSignal.m */,
			);
			path = Networking;
			sourceTree = "<group>";
		};
/* End PBXGroup section */

/* Begin PBXNativeTarget section */
		D47703721D532AA4007BF65C /* PromptKit */ = {
			isa = PBXNativeTarget;
			buildConfigurationList = D47703951D532AA4007BF65C /* Build configuration list for PBXNativeTarget "PromptKit" */;
			buildPhases = (
				AEFDADF036ABCB55FFC70491 /* [CP] Check Pods Manifest.lock */,
				D477036F1D532AA4007BF65C /* Sources */,
				D47703701D532AA4007BF65C /* Frameworks */,
				D47703711D532AA4007BF65C /* Resources */,
				2B0042C89FFA4296FEDF8A51 /* [CP] Embed Pods Frameworks */,
				A75239EF63D403BAAC9B5677 /* [CP] Copy Pods Resources */,
			);
			buildRules = (
			);
			dependencies = (
			);
			name = PromptKit;
			productName = PromptKit;
			productReference = D47703731D532AA4007BF65C /* PromptKit.app */;
			productType = "com.apple.product-type.application";
		};
		D477038B1D532AA4007BF65C /* PromptKitTests */ = {
			isa = PBXNativeTarget;
			buildConfigurationList = D47703981D532AA4007BF65C /* Build configuration list for PBXNativeTarget "PromptKitTests" */;
			buildPhases = (
				D47703881D532AA4007BF65C /* Sources */,
				D47703891D532AA4007BF65C /* Frameworks */,
				D477038A1D532AA4007BF65C /* Resources */,
			);
			buildRules = (
			);
			dependencies = (
				D477038E1D532AA4007BF65C /* PBXTargetDependency */,
			);
			name = PromptKitTests;
			productName = PromptKitTests;
			productReference = D477038C1D532AA4007BF65C /* PromptKitTests.xctest */;
			productType = "com.apple.product-type.bundle.unit-test";
		};
/* End PBXNativeTarget section */

/* Begin PBXProject section */
		D477036B1D532AA4007BF65C /* Project object */ = {
			isa = PBXProject;
			attributes = {
				LastUpgradeCheck = 0730;
				ORGANIZATIONNAME = IB;
				TargetAttributes = {
					D47703721D532AA4007BF65C = {
						CreatedOnToolsVersion = 7.3;
						DevelopmentTeam = VSXKPZWN4F;
					};
					D477038B1D532AA4007BF65C = {
						CreatedOnToolsVersion = 7.3;
						TestTargetID = D47703721D532AA4007BF65C;
					};
				};
			};
			buildConfigurationList = D477036E1D532AA4007BF65C /* Build configuration list for PBXProject "PromptKit" */;
			compatibilityVersion = "Xcode 3.2";
			developmentRegion = English;
			hasScannedForEncodings = 0;
			knownRegions = (
				en,
				Base,
			);
			mainGroup = D477036A1D532AA3007BF65C;
			productRefGroup = D47703741D532AA4007BF65C /* Products */;
			projectDirPath = "";
			projectRoot = "";
			targets = (
				D47703721D532AA4007BF65C /* PromptKit */,
				D477038B1D532AA4007BF65C /* PromptKitTests */,
			);
		};
/* End PBXProject section */

/* Begin PBXResourcesBuildPhase section */
		D47703711D532AA4007BF65C /* Resources */ = {
			isa = PBXResourcesBuildPhase;
			buildActionMask = 2147483647;
			files = (
				D47703861D532AA4007BF65C /* LaunchScreen.storyboard in Resources */,
				D47703831D532AA4007BF65C /* Assets.xcassets in Resources */,
				D47703811D532AA4007BF65C /* Main.storyboard in Resources */,
			);
			runOnlyForDeploymentPostprocessing = 0;
		};
		D477038A1D532AA4007BF65C /* Resources */ = {
			isa = PBXResourcesBuildPhase;
			buildActionMask = 2147483647;
			files = (
			);
			runOnlyForDeploymentPostprocessing = 0;
		};
/* End PBXResourcesBuildPhase section */

/* Begin PBXShellScriptBuildPhase section */
		2B0042C89FFA4296FEDF8A51 /* [CP] Embed Pods Frameworks */ = {
			isa = PBXShellScriptBuildPhase;
			buildActionMask = 2147483647;
			files = (
			);
			inputPaths = (
			);
			name = "[CP] Embed Pods Frameworks";
			outputPaths = (
			);
			runOnlyForDeploymentPostprocessing = 0;
			shellPath = /bin/sh;
			shellScript = "\"${SRCROOT}/Pods/Target Support Files/Pods-PromptKit/Pods-PromptKit-frameworks.sh\"\n";
			showEnvVarsInLog = 0;
		};
		A75239EF63D403BAAC9B5677 /* [CP] Copy Pods Resources */ = {
			isa = PBXShellScriptBuildPhase;
			buildActionMask = 2147483647;
			files = (
			);
			inputPaths = (
			);
			name = "[CP] Copy Pods Resources";
			outputPaths = (
			);
			runOnlyForDeploymentPostprocessing = 0;
			shellPath = /bin/sh;
			shellScript = "\"${SRCROOT}/Pods/Target Support Files/Pods-PromptKit/Pods-PromptKit-resources.sh\"\n";
			showEnvVarsInLog = 0;
		};
		AEFDADF036ABCB55FFC70491 /* [CP] Check Pods Manifest.lock */ = {
			isa = PBXShellScriptBuildPhase;
			buildActionMask = 2147483647;
			files = (
			);
			inputPaths = (
			);
			name = "[CP] Check Pods Manifest.lock";
			outputPaths = (
			);
			runOnlyForDeploymentPostprocessing = 0;
			shellPath = /bin/sh;
			shellScript = "diff \"${PODS_ROOT}/../Podfile.lock\" \"${PODS_ROOT}/Manifest.lock\" > /dev/null\nif [ $? != 0 ] ; then\n    # print error to STDERR\n    echo \"error: The sandbox is not in sync with the Podfile.lock. Run 'pod install' or update your CocoaPods installation.\" >&2\n    exit 1\nfi\n";
			showEnvVarsInLog = 0;
		};
/* End PBXShellScriptBuildPhase section */

/* Begin PBXSourcesBuildPhase section */
		D477036F1D532AA4007BF65C /* Sources */ = {
			isa = PBXSourcesBuildPhase;
			buildActionMask = 2147483647;
			files = (
				D4D32B8E1E125063006095D5 /* AFHTTPSessionManager+RACSignal.m in Sources */,
				D4986D9B1E135460007779FF /* UIViewController+PKPrompKit.m in Sources */,
				D4986D9A1E135460007779FF /* UIView+PKPromptKit_APP.m in Sources */,
				D4986D951E135460007779FF /* PKPromptUIDataSource.m in Sources */,
				D4986D941E135460007779FF /* PKListEmptyCounter.m in Sources */,
				D476F2521E4884B6006F6C48 /* README.md in Sources */,
				D4986D961E135460007779FF /* PKPromptView.m in Sources */,
				D4D32B8F1E125063006095D5 /* AFURLSessionManager+RACSignal.m in Sources */,
				D4A6CF6A1E121A580043371C /* ExampleViewModel.m in Sources */,
				D4986D931E135460007779FF /* PKBeansLoadingView.m in Sources */,
				D477037E1D532AA4007BF65C /* RootViewController.m in Sources */,
				D4986D991E135460007779FF /* RACSignal+PKPromptKit.m in Sources */,
				D477037B1D532AA4007BF65C /* AppDelegate.m in Sources */,
				D47703781D532AA4007BF65C /* main.m in Sources */,
				D4986D981E135460007779FF /* RACSignal+MJRefresh.m in Sources */,
			);
			runOnlyForDeploymentPostprocessing = 0;
		};
		D47703881D532AA4007BF65C /* Sources */ = {
			isa = PBXSourcesBuildPhase;
			buildActionMask = 2147483647;
			files = (
				D47703911D532AA4007BF65C /* PromptKitTests.m in Sources */,
			);
			runOnlyForDeploymentPostprocessing = 0;
		};
/* End PBXSourcesBuildPhase section */

/* Begin PBXTargetDependency section */
		D477038E1D532AA4007BF65C /* PBXTargetDependency */ = {
			isa = PBXTargetDependency;
			target = D47703721D532AA4007BF65C /* PromptKit */;
			targetProxy = D477038D1D532AA4007BF65C /* PBXContainerItemProxy */;
		};
/* End PBXTargetDependency section */

/* Begin PBXVariantGroup section */
		D477037F1D532AA4007BF65C /* Main.storyboard */ = {
			isa = PBXVariantGroup;
			children = (
				D47703801D532AA4007BF65C /* Base */,
			);
			name = Main.storyboard;
			sourceTree = "<group>";
		};
		D47703841D532AA4007BF65C /* LaunchScreen.storyboard */ = {
			isa = PBXVariantGroup;
			children = (
				D47703851D532AA4007BF65C /* Base */,
			);
			name = LaunchScreen.storyboard;
			sourceTree = "<group>";
		};
/* End PBXVariantGroup section */

/* Begin XCBuildConfiguration section */
		D47703931D532AA4007BF65C /* Debug */ = {
			isa = XCBuildConfiguration;
			buildSettings = {
				ALWAYS_SEARCH_USER_PATHS = NO;
				CLANG_ANALYZER_NONNULL = YES;
				CLANG_CXX_LANGUAGE_STANDARD = "gnu++0x";
				CLANG_CXX_LIBRARY = "libc++";
				CLANG_ENABLE_MODULES = YES;
				CLANG_ENABLE_OBJC_ARC = YES;
				CLANG_WARN_BOOL_CONVERSION = YES;
				CLANG_WARN_CONSTANT_CONVERSION = YES;
				CLANG_WARN_DIRECT_OBJC_ISA_USAGE = YES_ERROR;
				CLANG_WARN_EMPTY_BODY = YES;
				CLANG_WARN_ENUM_CONVERSION = YES;
				CLANG_WARN_INT_CONVERSION = YES;
				CLANG_WARN_OBJC_ROOT_CLASS = YES_ERROR;
				CLANG_WARN_UNREACHABLE_CODE = YES;
				CLANG_WARN__DUPLICATE_METHOD_MATCH = YES;
				"CODE_SIGN_IDENTITY[sdk=iphoneos*]" = "iPhone Developer";
				COPY_PHASE_STRIP = NO;
				DEBUG_INFORMATION_FORMAT = dwarf;
				ENABLE_STRICT_OBJC_MSGSEND = YES;
				ENABLE_TESTABILITY = YES;
				GCC_C_LANGUAGE_STANDARD = gnu99;
				GCC_DYNAMIC_NO_PIC = NO;
				GCC_NO_COMMON_BLOCKS = YES;
				GCC_OPTIMIZATION_LEVEL = 0;
				GCC_PREPROCESSOR_DEFINITIONS = (
					"DEBUG=1",
					"$(inherited)",
				);
				GCC_WARN_64_TO_32_BIT_CONVERSION = YES;
				GCC_WARN_ABOUT_RETURN_TYPE = YES_ERROR;
				GCC_WARN_UNDECLARED_SELECTOR = YES;
				GCC_WARN_UNINITIALIZED_AUTOS = YES_AGGRESSIVE;
				GCC_WARN_UNUSED_FUNCTION = YES;
				GCC_WARN_UNUSED_VARIABLE = YES;
				IPHONEOS_DEPLOYMENT_TARGET = 9.3;
				MTL_ENABLE_DEBUG_INFO = YES;
				ONLY_ACTIVE_ARCH = YES;
				SDKROOT = iphoneos;
			};
			name = Debug;
		};
		D47703941D532AA4007BF65C /* Release */ = {
			isa = XCBuildConfiguration;
			buildSettings = {
				ALWAYS_SEARCH_USER_PATHS = NO;
				CLANG_ANALYZER_NONNULL = YES;
				CLANG_CXX_LANGUAGE_STANDARD = "gnu++0x";
				CLANG_CXX_LIBRARY = "libc++";
				CLANG_ENABLE_MODULES = YES;
				CLANG_ENABLE_OBJC_ARC = YES;
				CLANG_WARN_BOOL_CONVERSION = YES;
				CLANG_WARN_CONSTANT_CONVERSION = YES;
				CLANG_WARN_DIRECT_OBJC_ISA_USAGE = YES_ERROR;
				CLANG_WARN_EMPTY_BODY = YES;
				CLANG_WARN_ENUM_CONVERSION = YES;
				CLANG_WARN_INT_CONVERSION = YES;
				CLANG_WARN_OBJC_ROOT_CLASS = YES_ERROR;
				CLANG_WARN_UNREACHABLE_CODE = YES;
				CLANG_WARN__DUPLICATE_METHOD_MATCH = YES;
				"CODE_SIGN_IDENTITY[sdk=iphoneos*]" = "iPhone Developer";
				COPY_PHASE_STRIP = NO;
				DEBUG_INFORMATION_FORMAT = "dwarf-with-dsym";
				ENABLE_NS_ASSERTIONS = NO;
				ENABLE_STRICT_OBJC_MSGSEND = YES;
				GCC_C_LANGUAGE_STANDARD = gnu99;
				GCC_NO_COMMON_BLOCKS = YES;
				GCC_WARN_64_TO_32_BIT_CONVERSION = YES;
				GCC_WARN_ABOUT_RETURN_TYPE = YES_ERROR;
				GCC_WARN_UNDECLARED_SELECTOR = YES;
				GCC_WARN_UNINITIALIZED_AUTOS = YES_AGGRESSIVE;
				GCC_WARN_UNUSED_FUNCTION = YES;
				GCC_WARN_UNUSED_VARIABLE = YES;
				IPHONEOS_DEPLOYMENT_TARGET = 9.3;
				MTL_ENABLE_DEBUG_INFO = NO;
				SDKROOT = iphoneos;
				VALIDATE_PRODUCT = YES;
			};
			name = Release;
		};
		D47703961D532AA4007BF65C /* Debug */ = {
			isa = XCBuildConfiguration;
			baseConfigurationReference = 3980D0CDBCA222CCE5E3533B /* Pods-PromptKit.debug.xcconfig */;
			buildSettings = {
				ASSETCATALOG_COMPILER_APPICON_NAME = AppIcon;
				DEVELOPMENT_TEAM = VSXKPZWN4F;
				INFOPLIST_FILE = PromptKit/Info.plist;
				IPHONEOS_DEPLOYMENT_TARGET = 8.0;
				LD_RUNPATH_SEARCH_PATHS = "$(inherited) @executable_path/Frameworks";
				PRODUCT_BUNDLE_IDENTIFIER = IB.PromptKit;
				PRODUCT_NAME = "$(TARGET_NAME)";
			};
			name = Debug;
		};
		D47703971D532AA4007BF65C /* Release */ = {
			isa = XCBuildConfiguration;
			baseConfigurationReference = 875F792665114D9C6734206B /* Pods-PromptKit.release.xcconfig */;
			buildSettings = {
				ASSETCATALOG_COMPILER_APPICON_NAME = AppIcon;
				DEVELOPMENT_TEAM = VSXKPZWN4F;
				INFOPLIST_FILE = PromptKit/Info.plist;
				IPHONEOS_DEPLOYMENT_TARGET = 8.0;
				LD_RUNPATH_SEARCH_PATHS = "$(inherited) @executable_path/Frameworks";
				PRODUCT_BUNDLE_IDENTIFIER = IB.PromptKit;
				PRODUCT_NAME = "$(TARGET_NAME)";
			};
			name = Release;
		};
		D47703991D532AA4007BF65C /* Debug */ = {
			isa = XCBuildConfiguration;
			buildSettings = {
				BUNDLE_LOADER = "$(TEST_HOST)";
				INFOPLIST_FILE = PromptKitTests/Info.plist;
				LD_RUNPATH_SEARCH_PATHS = "$(inherited) @executable_path/Frameworks @loader_path/Frameworks";
				PRODUCT_BUNDLE_IDENTIFIER = IB.PromptKitTests;
				PRODUCT_NAME = "$(TARGET_NAME)";
				TEST_HOST = "$(BUILT_PRODUCTS_DIR)/PromptKit.app/PromptKit";
			};
			name = Debug;
		};
		D477039A1D532AA4007BF65C /* Release */ = {
			isa = XCBuildConfiguration;
			buildSettings = {
				BUNDLE_LOADER = "$(TEST_HOST)";
				INFOPLIST_FILE = PromptKitTests/Info.plist;
				LD_RUNPATH_SEARCH_PATHS = "$(inherited) @executable_path/Frameworks @loader_path/Frameworks";
				PRODUCT_BUNDLE_IDENTIFIER = IB.PromptKitTests;
				PRODUCT_NAME = "$(TARGET_NAME)";
				TEST_HOST = "$(BUILT_PRODUCTS_DIR)/PromptKit.app/PromptKit";
			};
			name = Release;
		};
/* End XCBuildConfiguration section */

/* Begin XCConfigurationList section */
		D477036E1D532AA4007BF65C /* Build configuration list for PBXProject "PromptKit" */ = {
			isa = XCConfigurationList;
			buildConfigurations = (
				D47703931D532AA4007BF65C /* Debug */,
				D47703941D532AA4007BF65C /* Release */,
			);
			defaultConfigurationIsVisible = 0;
			defaultConfigurationName = Release;
		};
		D47703951D532AA4007BF65C /* Build configuration list for PBXNativeTarget "PromptKit" */ = {
			isa = XCConfigurationList;
			buildConfigurations = (
				D47703961D532AA4007BF65C /* Debug */,
				D47703971D532AA4007BF65C /* Release */,
			);
			defaultConfigurationIsVisible = 0;
			defaultConfigurationName = Release;
		};
		D47703981D532AA4007BF65C /* Build configuration list for PBXNativeTarget "PromptKitTests" */ = {
			isa = XCConfigurationList;
			buildConfigurations = (
				D47703991D532AA4007BF65C /* Debug */,
				D477039A1D532AA4007BF65C /* Release */,
			);
			defaultConfigurationIsVisible = 0;
			defaultConfigurationName = Release;
		};
/* End XCConfigurationList section */
	};
	rootObject = D477036B1D532AA4007BF65C /* Project object */;
}
